{
  "version": 4,
  "terraform_version": "1.6.2",
  "serial": 20,
  "lineage": "d1313803-950f-c378-4f20-fc1149935e67",
  "outputs": {},
  "resources": [
    {
      "mode": "managed",
      "type": "aws_iam_role",
      "name": "lambda_execution_role",
      "provider": "provider[\"registry.terraform.io/hashicorp/aws\"]",
      "instances": [
        {
          "schema_version": 0,
          "attributes": {
            "arn": "arn:aws:iam::770594577260:role/my-lambda-execution-role",
            "assume_role_policy": "{\"Statement\":[{\"Action\":\"sts:AssumeRole\",\"Effect\":\"Allow\",\"Principal\":{\"Service\":\"lambda.amazonaws.com\"}}],\"Version\":\"2012-10-17\"}",
            "create_date": "2023-10-25T12:03:51Z",
            "description": "",
            "force_detach_policies": false,
            "id": "my-lambda-execution-role",
            "inline_policy": [],
            "managed_policy_arns": [
              "arn:aws:iam::770594577260:policy/LambdaBasicExecutionPolicy",
              "arn:aws:iam::770594577260:policy/S3AccessPolicy"
            ],
            "max_session_duration": 3600,
            "name": "my-lambda-execution-role",
            "name_prefix": "",
            "path": "/",
            "permissions_boundary": "",
            "tags": {},
            "tags_all": {},
            "unique_id": "AROA3G2YEDNWIS3QB5ZKN"
          },
          "sensitive_attributes": [],
          "private": "bnVsbA=="
        }
      ]
    }
  ],
  "check_results": null
}
